// !$*UTF8*$!
{
	archiveVersion = 1;
	classes = {
	};
	objectVersion = 50;
	objects = {

/* Begin PBXBuildFile section */
		0B0592512606E88000F820BB /* AppDelegate.swift in Sources */ = {isa = PBXBuildFile; fileRef = 0B0592502606E88000F820BB /* AppDelegate.swift */; };
		0B0592532606E88000F820BB /* SceneDelegate.swift in Sources */ = {isa = PBXBuildFile; fileRef = 0B0592522606E88000F820BB /* SceneDelegate.swift */; };
		0B0592552606E88000F820BB /* ViewController.swift in Sources */ = {isa = PBXBuildFile; fileRef = 0B0592542606E88000F820BB /* ViewController.swift */; };
		0B0592582606E88000F820BB /* Main.storyboard in Resources */ = {isa = PBXBuildFile; fileRef = 0B0592562606E88000F820BB /* Main.storyboard */; };
		0B05925A2606E88200F820BB /* Assets.xcassets in Resources */ = {isa = PBXBuildFile; fileRef = 0B0592592606E88200F820BB /* Assets.xcassets */; };
		0B05925D2606E88200F820BB /* LaunchScreen.storyboard in Resources */ = {isa = PBXBuildFile; fileRef = 0B05925B2606E88200F820BB /* LaunchScreen.storyboard */; };
		0B0592682606E88200F820BB /* StoryBoard1Tests.swift in Sources */ = {isa = PBXBuildFile; fileRef = 0B0592672606E88200F820BB /* StoryBoard1Tests.swift */; };
		0B0592732606E88200F820BB /* StoryBoard1UITests.swift in Sources */ = {isa = PBXBuildFile; fileRef = 0B0592722606E88200F820BB /* StoryBoard1UITests.swift */; };
/* End PBXBuildFile section */

/* Begin PBXContainerItemProxy section */
		0B0592642606E88200F820BB /* PBXContainerItemProxy */ = {
			isa = PBXContainerItemProxy;
			containerPortal = 0B0592452606E88000F820BB /* Project object */;
			proxyType = 1;
			remoteGlobalIDString = 0B05924C2606E88000F820BB;
			remoteInfo = StoryBoard1;
		};
		0B05926F2606E88200F820BB /* PBXContainerItemProxy */ = {
			isa = PBXContainerItemProxy;
			containerPortal = 0B0592452606E88000F820BB /* Project object */;
			proxyType = 1;
			remoteGlobalIDString = 0B05924C2606E88000F820BB;
			remoteInfo = StoryBoard1;
		};
/* End PBXContainerItemProxy section */

/* Begin PBXFileReference section */
		0B05924D2606E88000F820BB /* StoryBoard1.app */ = {isa = PBXFileReference; explicitFileType = wrapper.application; includeInIndex = 0; path = StoryBoard1.app; sourceTree = BUILT_PRODUCTS_DIR; };
		0B0592502606E88000F820BB /* AppDelegate.swift */ = {isa = PBXFileReference; lastKnownFileType = sourcecode.swift; path = AppDelegate.swift; sourceTree = "<group>"; };
		0B0592522606E88000F820BB /* SceneDelegate.swift */ = {isa = PBXFileReference; lastKnownFileType = sourcecode.swift; path = SceneDelegate.swift; sourceTree = "<group>"; };
		0B0592542606E88000F820BB /* ViewController.swift */ = {isa = PBXFileReference; lastKnownFileType = sourcecode.swift; path = ViewController.swift; sourceTree = "<group>"; };
		0B0592572606E88000F820BB /* Base */ = {isa = PBXFileReference; lastKnownFileType = file.storyboard; name = Base; path = Base.lproj/Main.storyboard; sourceTree = "<group>"; };
		0B0592592606E88200F820BB /* Assets.xcassets */ = {isa = PBXFileReference; lastKnownFileType = folder.assetcatalog; path = Assets.xcassets; sourceTree = "<group>"; };
		0B05925C2606E88200F820BB /* Base */ = {isa = PBXFileReference; lastKnownFileType = file.storyboard; name = Base; path = Base.lproj/LaunchScreen.storyboard; sourceTree = "<group>"; };
		0B05925E2606E88200F820BB /* Info.plist */ = {isa = PBXFileReference; lastKnownFileType = text.plist.xml; path = Info.plist; sourceTree = "<group>"; };
		0B0592632606E88200F820BB /* StoryBoard1Tests.xctest */ = {isa = PBXFileReference; explicitFileType = wrapper.cfbundle; includeInIndex = 0; path = StoryBoard1Tests.xctest; sourceTree = BUILT_PRODUCTS_DIR; };
		0B0592672606E88200F820BB /* StoryBoard1Tests.swift */ = {isa = PBXFileReference; lastKnownFileType = sourcecode.swift; path = StoryBoard1Tests.swift; sourceTree = "<group>"; };
		0B0592692606E88200F820BB /* Info.plist */ = {isa = PBXFileReference; lastKnownFileType = text.plist.xml; path = Info.plist; sourceTree = "<group>"; };
		0B05926E2606E88200F820BB /* StoryBoard1UITests.xctest */ = {isa = PBXFileReference; explicitFileType = wrapper.cfbundle; includeInIndex = 0; path = StoryBoard1UITests.xctest; sourceTree = BUILT_PRODUCTS_DIR; };
		0B0592722606E88200F820BB /* StoryBoard1UITests.swift */ = {isa = PBXFileReference; lastKnownFileType = sourcecode.swift; path = StoryBoard1UITests.swift; sourceTree = "<group>"; };
		0B0592742606E88200F820BB /* Info.plist */ = {isa = PBXFileReference; lastKnownFileType = text.plist.xml; path = Info.plist; sourceTree = "<group>"; };
/* End PBXFileReference section */

/* Begin PBXFrameworksBuildPhase section */
		0B05924A2606E88000F820BB /* Frameworks */ = {
			isa = PBXFrameworksBuildPhase;
			buildActionMask = 2147483647;
			files = (
			);
			runOnlyForDeploymentPostprocessing = 0;
		};
		0B0592602606E88200F820BB /* Frameworks */ = {
			isa = PBXFrameworksBuildPhase;
			buildActionMask = 2147483647;
			files = (
			);
			runOnlyForDeploymentPostprocessing = 0;
		};
		0B05926B2606E88200F820BB /* Frameworks */ = {
			isa = PBXFrameworksBuildPhase;
			buildActionMask = 2147483647;
			files = (
			);
			runOnlyForDeploymentPostprocessing = 0;
		};
/* End PBXFrameworksBuildPhase section */

/* Begin PBXGroup section */
		0B0592442606E88000F820BB = {
			isa = PBXGroup;
			children = (
				0B05924F2606E88000F820BB /* StoryBoard1 */,
				0B0592662606E88200F820BB /* StoryBoard1Tests */,
				0B0592712606E88200F820BB /* StoryBoard1UITests */,
				0B05924E2606E88000F820BB /* Products */,
			);
			sourceTree = "<group>";
		};
		0B05924E2606E88000F820BB /* Products */ = {
			isa = PBXGroup;
			children = (
				0B05924D2606E88000F820BB /* StoryBoard1.app */,
				0B0592632606E88200F820BB /* StoryBoard1Tests.xctest */,
				0B05926E2606E88200F820BB /* StoryBoard1UITests.xctest */,
			);
			name = Products;
			sourceTree = "<group>";
		};
		0B05924F2606E88000F820BB /* StoryBoard1 */ = {
			isa = PBXGroup;
			children = (
				0B0592502606E88000F820BB /* AppDelegate.swift */,
				0B0592522606E88000F820BB /* SceneDelegate.swift */,
				0B0592542606E88000F820BB /* ViewController.swift */,
				0B0592562606E88000F820BB /* Main.storyboard */,
				0B0592592606E88200F820BB /* Assets.xcassets */,
				0B05925B2606E88200F820BB /* LaunchScreen.storyboard */,
				0B05925E2606E88200F820BB /* Info.plist */,
			);
			path = StoryBoard1;
			sourceTree = "<group>";
		};
		0B0592662606E88200F820BB /* StoryBoard1Tests */ = {
			isa = PBXGroup;
			children = (
				0B0592672606E88200F820BB /* StoryBoard1Tests.swift */,
				0B0592692606E88200F820BB /* Info.plist */,
			);
			path = StoryBoard1Tests;
			sourceTree = "<group>";
		};
		0B0592712606E88200F820BB /* StoryBoard1UITests */ = {
			isa = PBXGroup;
			children = (
				0B0592722606E88200F820BB /* StoryBoard1UITests.swift */,
				0B0592742606E88200F820BB /* Info.plist */,
			);
			path = StoryBoard1UITests;
			sourceTree = "<group>";
		};
/* End PBXGroup section */

/* Begin PBXNativeTarget section */
		0B05924C2606E88000F820BB /* StoryBoard1 */ = {
			isa = PBXNativeTarget;
			buildConfigurationList = 0B0592772606E88200F820BB /* Build configuration list for PBXNativeTarget "StoryBoard1" */;
			buildPhases = (
				0B0592492606E88000F820BB /* Sources */,
				0B05924A2606E88000F820BB /* Frameworks */,
				0B05924B2606E88000F820BB /* Resources */,
			);
			buildRules = (
			);
			dependencies = (
			);
			name = StoryBoard1;
			productName = StoryBoard1;
			productReference = 0B05924D2606E88000F820BB /* StoryBoard1.app */;
			productType = "com.apple.product-type.application";
		};
		0B0592622606E88200F820BB /* StoryBoard1Tests */ = {
			isa = PBXNativeTarget;
			buildConfigurationList = 0B05927A2606E88200F820BB /* Build configuration list for PBXNativeTarget "StoryBoard1Tests" */;
			buildPhases = (
				0B05925F2606E88200F820BB /* Sources */,
				0B0592602606E88200F820BB /* Frameworks */,
				0B0592612606E88200F820BB /* Resources */,
			);
			buildRules = (
			);
			dependencies = (
				0B0592652606E88200F820BB /* PBXTargetDependency */,
			);
			name = StoryBoard1Tests;
			productName = StoryBoard1Tests;
			productReference = 0B0592632606E88200F820BB /* StoryBoard1Tests.xctest */;
			productType = "com.apple.product-type.bundle.unit-test";
		};
		0B05926D2606E88200F820BB /* StoryBoard1UITests */ = {
			isa = PBXNativeTarget;
			buildConfigurationList = 0B05927D2606E88200F820BB /* Build configuration list for PBXNativeTarget "StoryBoard1UITests" */;
			buildPhases = (
				0B05926A2606E88200F820BB /* Sources */,
				0B05926B2606E88200F820BB /* Frameworks */,
				0B05926C2606E88200F820BB /* Resources */,
			);
			buildRules = (
			);
			dependencies = (
				0B0592702606E88200F820BB /* PBXTargetDependency */,
			);
			name = StoryBoard1UITests;
			productName = StoryBoard1UITests;
			productReference = 0B05926E2606E88200F820BB /* StoryBoard1UITests.xctest */;
			productType = "com.apple.product-type.bundle.ui-testing";
		};
/* End PBXNativeTarget section */

/* Begin PBXProject section */
		0B0592452606E88000F820BB /* Project object */ = {
			isa = PBXProject;
			attributes = {
				LastSwiftUpdateCheck = 1240;
				LastUpgradeCheck = 1240;
				TargetAttributes = {
					0B05924C2606E88000F820BB = {
						CreatedOnToolsVersion = 12.4;
					};
					0B0592622606E88200F820BB = {
						CreatedOnToolsVersion = 12.4;
						TestTargetID = 0B05924C2606E88000F820BB;
					};
					0B05926D2606E88200F820BB = {
						CreatedOnToolsVersion = 12.4;
						TestTargetID = 0B05924C2606E88000F820BB;
					};
				};
			};
			buildConfigurationList = 0B0592482606E88000F820BB /* Build configuration list for PBXProject "StoryBoard1" */;
			compatibilityVersion = "Xcode 9.3";
			developmentRegion = en;
			hasScannedForEncodings = 0;
			knownRegions = (
				en,
				Base,
			);
			mainGroup = 0B0592442606E88000F820BB;
			productRefGroup = 0B05924E2606E88000F820BB /* Products */;
			projectDirPath = "";
			projectRoot = "";
			targets = (
				0B05924C2606E88000F820BB /* StoryBoard1 */,
				0B0592622606E88200F820BB /* StoryBoard1Tests */,
				0B05926D2606E88200F820BB /* StoryBoard1UITests */,
			);
		};
/* End PBXProject section */

/* Begin PBXResourcesBuildPhase section */
		0B05924B2606E88000F820BB /* Resources */ = {
			isa = PBXResourcesBuildPhase;
			buildActionMask = 2147483647;
			files = (
				0B05925D2606E88200F820BB /* LaunchScreen.storyboard in Resources */,
				0B05925A2606E88200F820BB /* Assets.xcassets in Resources */,
				0B0592582606E88000F820BB /* Main.storyboard in Resources */,
			);
			runOnlyForDeploymentPostprocessing = 0;
		};
		0B0592612606E88200F820BB /* Resources */ = {
			isa = PBXResourcesBuildPhase;
			buildActionMask = 2147483647;
			files = (
			);
			runOnlyForDeploymentPostprocessing = 0;
		};
		0B05926C2606E88200F820BB /* Resources */ = {
			isa = PBXResourcesBuildPhase;
			buildActionMask = 2147483647;
			files = (
			);
			runOnlyForDeploymentPostprocessing = 0;
		};
/* End PBXResourcesBuildPhase section */

/* Begin PBXSourcesBuildPhase section */
		0B0592492606E88000F820BB /* Sources */ = {
			isa = PBXSourcesBuildPhase;
			buildActionMask = 2147483647;
			files = (
				0B0592552606E88000F820BB /* ViewController.swift in Sources */,
				0B0592512606E88000F820BB /* AppDelegate.swift in Sources */,
				0B0592532606E88000F820BB /* SceneDelegate.swift in Sources */,
			);
			runOnlyForDeploymentPostprocessing = 0;
		};
		0B05925F2606E88200F820BB /* Sources */ = {
			isa = PBXSourcesBuildPhase;
			buildActionMask = 2147483647;
			files = (
				0B0592682606E88200F820BB /* StoryBoard1Tests.swift in Sources */,
			);
			runOnlyForDeploymentPostprocessing = 0;
		};
		0B05926A2606E88200F820BB /* Sources */ = {
			isa = PBXSourcesBuildPhase;
			buildActionMask = 2147483647;
			files = (
				0B0592732606E88200F820BB /* StoryBoard1UITests.swift in Sources */,
			);
			runOnlyForDeploymentPostprocessing = 0;
		};
/* End PBXSourcesBuildPhase section */

/* Begin PBXTargetDependency section */
		0B0592652606E88200F820BB /* PBXTargetDependency */ = {
			isa = PBXTargetDependency;
			target = 0B05924C2606E88000F820BB /* StoryBoard1 */;
			targetProxy = 0B0592642606E88200F820BB /* PBXContainerItemProxy */;
		};
		0B0592702606E88200F820BB /* PBXTargetDependency */ = {
			isa = PBXTargetDependency;
			target = 0B05924C2606E88000F820BB /* StoryBoard1 */;
			targetProxy = 0B05926F2606E88200F820BB /* PBXContainerItemProxy */;
		};
/* End PBXTargetDependency section */

/* Begin PBXVariantGroup section */
		0B0592562606E88000F820BB /* Main.storyboard */ = {
			isa = PBXVariantGroup;
			children = (
				0B0592572606E88000F820BB /* Base */,
			);
			name = Main.storyboard;
			sourceTree = "<group>";
		};
		0B05925B2606E88200F820BB /* LaunchScreen.storyboard */ = {
			isa = PBXVariantGroup;
			children = (
				0B05925C2606E88200F820BB /* Base */,
			);
			name = LaunchScreen.storyboard;
			sourceTree = "<group>";
		};
/* End PBXVariantGroup section */

/* Begin XCBuildConfiguration section */
		0B0592752606E88200F820BB /* Debug */ = {
			isa = XCBuildConfiguration;
			buildSettings = {
				ALWAYS_SEARCH_USER_PATHS = NO;
				CLANG_ANALYZER_NONNULL = YES;
				CLANG_ANALYZER_NUMBER_OBJECT_CONVERSION = YES_AGGRESSIVE;
				CLANG_CXX_LANGUAGE_STANDARD = "gnu++14";
				CLANG_CXX_LIBRARY = "libc++";
				CLANG_ENABLE_MODULES = YES;
				CLANG_ENABLE_OBJC_ARC = YES;
				CLANG_ENABLE_OBJC_WEAK = YES;
				CLANG_WARN_BLOCK_CAPTURE_AUTORELEASING = YES;
				CLANG_WARN_BOOL_CONVERSION = YES;
				CLANG_WARN_COMMA = YES;
				CLANG_WARN_CONSTANT_CONVERSION = YES;
				CLANG_WARN_DEPRECATED_OBJC_IMPLEMENTATIONS = YES;
				CLANG_WARN_DIRECT_OBJC_ISA_USAGE = YES_ERROR;
				CLANG_WARN_DOCUMENTATION_COMMENTS = YES;
				CLANG_WARN_EMPTY_BODY = YES;
				CLANG_WARN_ENUM_CONVERSION = YES;
				CLANG_WARN_INFINITE_RECURSION = YES;
				CLANG_WARN_INT_CONVERSION = YES;
				CLANG_WARN_NON_LITERAL_NULL_CONVERSION = YES;
				CLANG_WARN_OBJC_IMPLICIT_RETAIN_SELF = YES;
				CLANG_WARN_OBJC_LITERAL_CONVERSION = YES;
				CLANG_WARN_OBJC_ROOT_CLASS = YES_ERROR;
				CLANG_WARN_QUOTED_INCLUDE_IN_FRAMEWORK_HEADER = YES;
				CLANG_WARN_RANGE_LOOP_ANALYSIS = YES;
				CLANG_WARN_STRICT_PROTOTYPES = YES;
				CLANG_WARN_SUSPICIOUS_MOVE = YES;
				CLANG_WARN_UNGUARDED_AVAILABILITY = YES_AGGRESSIVE;
				CLANG_WARN_UNREACHABLE_CODE = YES;
				CLANG_WARN__DUPLICATE_METHOD_MATCH = YES;
				COPY_PHASE_STRIP = NO;
				DEBUG_INFORMATION_FORMAT = dwarf;
				ENABLE_STRICT_OBJC_MSGSEND = YES;
				ENABLE_TESTABILITY = YES;
				GCC_C_LANGUAGE_STANDARD = gnu11;
				GCC_DYNAMIC_NO_PIC = NO;
				GCC_NO_COMMON_BLOCKS = YES;
				GCC_OPTIMIZATION_LEVEL = 0;
				GCC_PREPROCESSOR_DEFINITIONS = (
					"DEBUG=1",
					"$(inherited)",
				);
				GCC_WARN_64_TO_32_BIT_CONVERSION = YES;
				GCC_WARN_ABOUT_RETURN_TYPE = YES_ERROR;
				GCC_WARN_UNDECLARED_SELECTOR = YES;
				GCC_WARN_UNINITIALIZED_AUTOS = YES_AGGRESSIVE;
				GCC_WARN_UNUSED_FUNCTION = YES;
				GCC_WARN_UNUSED_VARIABLE = YES;
				IPHONEOS_DEPLOYMENT_TARGET = 14.4;
				MTL_ENABLE_DEBUG_INFO = INCLUDE_SOURCE;
				MTL_FAST_MATH = YES;
				ONLY_ACTIVE_ARCH = YES;
				SDKROOT = iphoneos;
				SWIFT_ACTIVE_COMPILATION_CONDITIONS = DEBUG;
				SWIFT_OPTIMIZATION_LEVEL = "-Onone";
			};
			name = Debug;
		};
		0B0592762606E88200F820BB /* Release */ = {
			isa = XCBuildConfiguration;
			buildSettings = {
				ALWAYS_SEARCH_USER_PATHS = NO;
				CLANG_ANALYZER_NONNULL = YES;
				CLANG_ANALYZER_NUMBER_OBJECT_CONVERSION = YES_AGGRESSIVE;
				CLANG_CXX_LANGUAGE_STANDARD = "gnu++14";
				CLANG_CXX_LIBRARY = "libc++";
				CLANG_ENABLE_MODULES = YES;
				CLANG_ENABLE_OBJC_ARC = YES;
				CLANG_ENABLE_OBJC_WEAK = YES;
				CLANG_WARN_BLOCK_CAPTURE_AUTORELEASING = YES;
				CLANG_WARN_BOOL_CONVERSION = YES;
				CLANG_WARN_COMMA = YES;
				CLANG_WARN_CONSTANT_CONVERSION = YES;
				CLANG_WARN_DEPRECATED_OBJC_IMPLEMENTATIONS = YES;
				CLANG_WARN_DIRECT_OBJC_ISA_USAGE = YES_ERROR;
				CLANG_WARN_DOCUMENTATION_COMMENTS = YES;
				CLANG_WARN_EMPTY_BODY = YES;
				CLANG_WARN_ENUM_CONVERSION = YES;
				CLANG_WARN_INFINITE_RECURSION = YES;
				CLANG_WARN_INT_CONVERSION = YES;
				CLANG_WARN_NON_LITERAL_NULL_CONVERSION = YES;
				CLANG_WARN_OBJC_IMPLICIT_RETAIN_SELF = YES;
				CLANG_WARN_OBJC_LITERAL_CONVERSION = YES;
				CLANG_WARN_OBJC_ROOT_CLASS = YES_ERROR;
				CLANG_WARN_QUOTED_INCLUDE_IN_FRAMEWORK_HEADER = YES;
				CLANG_WARN_RANGE_LOOP_ANALYSIS = YES;
				CLANG_WARN_STRICT_PROTOTYPES = YES;
				CLANG_WARN_SUSPICIOUS_MOVE = YES;
				CLANG_WARN_UNGUARDED_AVAILABILITY = YES_AGGRESSIVE;
				CLANG_WARN_UNREACHABLE_CODE = YES;
				CLANG_WARN__DUPLICATE_METHOD_MATCH = YES;
				COPY_PHASE_STRIP = NO;
				DEBUG_INFORMATION_FORMAT = "dwarf-with-dsym";
				ENABLE_NS_ASSERTIONS = NO;
				ENABLE_STRICT_OBJC_MSGSEND = YES;
				GCC_C_LANGUAGE_STANDARD = gnu11;
				GCC_NO_COMMON_BLOCKS = YES;
				GCC_WARN_64_TO_32_BIT_CONVERSION = YES;
				GCC_WARN_ABOUT_RETURN_TYPE = YES_ERROR;
				GCC_WARN_UNDECLARED_SELECTOR = YES;
				GCC_WARN_UNINITIALIZED_AUTOS = YES_AGGRESSIVE;
				GCC_WARN_UNUSED_FUNCTION = YES;
				GCC_WARN_UNUSED_VARIABLE = YES;
				IPHONEOS_DEPLOYMENT_TARGET = 14.4;
				MTL_ENABLE_DEBUG_INFO = NO;
				MTL_FAST_MATH = YES;
				SDKROOT = iphoneos;
				SWIFT_COMPILATION_MODE = wholemodule;
				SWIFT_OPTIMIZATION_LEVEL = "-O";
				VALIDATE_PRODUCT = YES;
			};
			name = Release;
		};
		0B0592782606E88200F820BB /* Debug */ = {
			isa = XCBuildConfiguration;
			buildSettings = {
				ASSETCATALOG_COMPILER_APPICON_NAME = AppIcon;
				ASSETCATALOG_COMPILER_GLOBAL_ACCENT_COLOR_NAME = AccentColor;
				CODE_SIGN_STYLE = Automatic;
				INFOPLIST_FILE = StoryBoard1/Info.plist;
				LD_RUNPATH_SEARCH_PATHS = (
					"$(inherited)",
					"@executable_path/Frameworks",
				);
				PRODUCT_BUNDLE_IDENTIFIER = com.test.dkjohn.StoryBoard1;
				PRODUCT_NAME = "$(TARGET_NAME)";
				SWIFT_VERSION = 5.0;
				TARGETED_DEVICE_FAMILY = "1,2";
			};
			name = Debug;
		};
		0B0592792606E88200F820BB /* Release */ = {
			isa = XCBuildConfiguration;
			buildSettings = {
				ASSETCATALOG_COMPILER_APPICON_NAME = AppIcon;
				ASSETCATALOG_COMPILER_GLOBAL_ACCENT_COLOR_NAME = AccentColor;
				CODE_SIGN_STYLE = Automatic;
				INFOPLIST_FILE = StoryBoard1/Info.plist;
				LD_RUNPATH_SEARCH_PATHS = (
					"$(inherited)",
					"@executable_path/Frameworks",
				);
				PRODUCT_BUNDLE_IDENTIFIER = com.test.dkjohn.StoryBoard1;
				PRODUCT_NAME = "$(TARGET_NAME)";
				SWIFT_VERSION = 5.0;
				TARGETED_DEVICE_FAMILY = "1,2";
			};
			name = Release;
		};
		0B05927B2606E88200F820BB /* Debug */ = {
			isa = XCBuildConfiguration;
			buildSettings = {
				ALWAYS_EMBED_SWIFT_STANDARD_LIBRARIES = YES;
				BUNDLE_LOADER = "$(TEST_HOST)";
				CODE_SIGN_STYLE = Automatic;
				INFOPLIST_FILE = StoryBoard1Tests/Info.plist;
				IPHONEOS_DEPLOYMENT_TARGET = 14.4;
				LD_RUNPATH_SEARCH_PATHS = (
					"$(inherited)",
					"@executable_path/Frameworks",
					"@loader_path/Frameworks",
				);
				PRODUCT_BUNDLE_IDENTIFIER = com.test.dkjohn.StoryBoard1Tests;
				PRODUCT_NAME = "$(TARGET_NAME)";
				SWIFT_VERSION = 5.0;
				TARGETED_DEVICE_FAMILY = "1,2";
				TEST_HOST = "$(BUILT_PRODUCTS_DIR)/StoryBoard1.app/StoryBoard1";
			};
			name = Debug;
		};
		0B05927C2606E88200F820BB /* Release */ = {
			isa = XCBuildConfiguration;
			buildSettings = {
				ALWAYS_EMBED_SWIFT_STANDARD_LIBRARIES = YES;
				BUNDLE_LOADER = "$(TEST_HOST)";
				CODE_SIGN_STYLE = Automatic;
				INFOPLIST_FILE = StoryBoard1Tests/Info.plist;
				IPHONEOS_DEPLOYMENT_TARGET = 14.4;
				LD_RUNPATH_SEARCH_PATHS = (
					"$(inherited)",
					"@executable_path/Frameworks",
					"@loader_path/Frameworks",
				);
				PRODUCT_BUNDLE_IDENTIFIER = com.test.dkjohn.StoryBoard1Tests;
				PRODUCT_NAME = "$(TARGET_NAME)";
				SWIFT_VERSION = 5.0;
				TARGETED_DEVICE_FAMILY = "1,2";
				TEST_HOST = "$(BUILT_PRODUCTS_DIR)/StoryBoard1.app/StoryBoard1";
			};
			name = Release;
		};
		0B05927E2606E88200F820BB /* Debug */ = {
			isa = XCBuildConfiguration;
			buildSettings = {
				ALWAYS_EMBED_SWIFT_STANDARD_LIBRARIES = YES;
				CODE_SIGN_STYLE = Automatic;
				INFOPLIST_FILE = StoryBoard1UITests/Info.plist;
				LD_RUNPATH_SEARCH_PATHS = (
					"$(inherited)",
					"@executable_path/Frameworks",
					"@loader_path/Frameworks",
				);
				PRODUCT_BUNDLE_IDENTIFIER = com.test.dkjohn.StoryBoard1UITests;
				PRODUCT_NAME = "$(TARGET_NAME)";
				SWIFT_VERSION = 5.0;
				TARGETED_DEVICE_FAMILY = "1,2";
				TEST_TARGET_NAME = StoryBoard1;
			};
			name = Debug;
		};
		0B05927F2606E88200F820BB /* Release */ = {
			isa = XCBuildConfiguration;
			buildSettings = {
				ALWAYS_EMBED_SWIFT_STANDARD_LIBRARIES = YES;
				CODE_SIGN_STYLE = Automatic;
				INFOPLIST_FILE = StoryBoard1UITests/Info.plist;
				LD_RUNPATH_SEARCH_PATHS = (
					"$(inherited)",
					"@executable_path/Frameworks",
					"@loader_path/Frameworks",
				);
				PRODUCT_BUNDLE_IDENTIFIER = com.test.dkjohn.StoryBoard1UITests;
				PRODUCT_NAME = "$(TARGET_NAME)";
				SWIFT_VERSION = 5.0;
				TARGETED_DEVICE_FAMILY = "1,2";
				TEST_TARGET_NAME = StoryBoard1;
			};
			name = Release;
		};
/* End XCBuildConfiguration section */

/* Begin XCConfigurationList section */
		0B0592482606E88000F820BB /* Build configuration list for PBXProject "StoryBoard1" */ = {
			isa = XCConfigurationList;
			buildConfigurations = (
				0B0592752606E88200F820BB /* Debug */,
				0B0592762606E88200F820BB /* Release */,
			);
			defaultConfigurationIsVisible = 0;
			defaultConfigurationName = Release;
		};
		0B0592772606E88200F820BB /* Build configuration list for PBXNativeTarget "StoryBoard1" */ = {
			isa = XCConfigurationList;
			buildConfigurations = (
				0B0592782606E88200F820BB /* Debug */,
				0B0592792606E88200F820BB /* Release */,
			);
			defaultConfigurationIsVisible = 0;
			defaultConfigurationName = Release;
		};
		0B05927A2606E88200F820BB /* Build configuration list for PBXNativeTarget "StoryBoard1Tests" */ = {
			isa = XCConfigurationList;
			buildConfigurations = (
				0B05927B2606E88200F820BB /* Debug */,
				0B05927C2606E88200F820BB /* Release */,
			);
			defaultConfigurationIsVisible = 0;
			defaultConfigurationName = Release;
		};
		0B05927D2606E88200F820BB /* Build configuration list for PBXNativeTarget "StoryBoard1UITests" */ = {
			isa = XCConfigurationList;
			buildConfigurations = (
				0B05927E2606E88200F820BB /* Debug */,
				0B05927F2606E88200F820BB /* Release */,
			);
			defaultConfigurationIsVisible = 0;
			defaultConfigurationName = Release;
		};
/* End XCConfigurationList section */
	};
	rootObject = 0B0592452606E88000F820BB /* Project object */;
}
